
Microsoft Visual Studio Solution File, Format Version 12.00
# Visual Studio 2012
Project("{FAE04EC0-301F-11D3-BF4B-00C04F79EFBC}") = "TableModifierV2", "TableModifierV2\TableModifierV2.csproj", "{51FFCA60-FE05-4186-B714-856515BD165B}"
	ProjectSection(ProjectDependencies) = postProject
		{D4566D07-CE6C-49DB-A991-1B5826E7E8BA} = {D4566D07-CE6C-49DB-A991-1B5826E7E8BA}
		{665EF15F-7A22-437B-BBBD-56BD8826DA03} = {665EF15F-7A22-437B-BBBD-56BD8826DA03}
		{44E66AC6-2840-4C94-A7C4-81B07C1F12CC} = {44E66AC6-2840-4C94-A7C4-81B07C1F12CC}
		{52FE66CD-BAC0-4047-BDD1-8F9A580888F2} = {52FE66CD-BAC0-4047-BDD1-8F9A580888F2}
		{9631DCD1-0C3F-4F29-8E3C-023403966C4D} = {9631DCD1-0C3F-4F29-8E3C-023403966C4D}
	EndProjectSection
EndProject
Project("{FAE04EC0-301F-11D3-BF4B-00C04F79EFBC}") = "TableConstruct", "TableConstruct\TableConstruct.csproj", "{665EF15F-7A22-437B-BBBD-56BD8826DA03}"
EndProject
Project("{FAE04EC0-301F-11D3-BF4B-00C04F79EFBC}") = "FrameStyle", "FrameStyle\FrameStyle.csproj", "{9631DCD1-0C3F-4F29-8E3C-023403966C4D}"
EndProject
Project("{FAE04EC0-301F-11D3-BF4B-00C04F79EFBC}") = "KeyChanger", "KeyChanger\KeyChanger.csproj", "{52FE66CD-BAC0-4047-BDD1-8F9A580888F2}"
EndProject
Project("{FAE04EC0-301F-11D3-BF4B-00C04F79EFBC}") = "PictureShower", "PictureShower\PictureShower.csproj", "{F1F88218-0845-43EB-BA1B-6D600F54F405}"
EndProject
Project("{FAE04EC0-301F-11D3-BF4B-00C04F79EFBC}") = "TableContent", "TableContent\TableContent.csproj", "{73A82925-9C46-4B74-82FE-AFF374907CC1}"
EndProject
Project("{FAE04EC0-301F-11D3-BF4B-00C04F79EFBC}") = "TableCodeCreator", "TableCodeCreator\TableCodeCreator.csproj", "{44E66AC6-2840-4C94-A7C4-81B07C1F12CC}"
EndProject
Project("{FAE04EC0-301F-11D3-BF4B-00C04F79EFBC}") = "DirectionCombine", "DirectionCombine\DirectionCombine.csproj", "{D4566D07-CE6C-49DB-A991-1B5826E7E8BA}"
EndProject
Global
	GlobalSection(SolutionConfigurationPlatforms) = preSolution
		Debug|Any CPU = Debug|Any CPU
		Debug|x64 = Debug|x64
		Release|Any CPU = Release|Any CPU
		Release|x64 = Release|x64
	EndGlobalSection
	GlobalSection(ProjectConfigurationPlatforms) = postSolution
		{51FFCA60-FE05-4186-B714-856515BD165B}.Debug|Any CPU.ActiveCfg = Debug|Any CPU
		{51FFCA60-FE05-4186-B714-856515BD165B}.Debug|Any CPU.Build.0 = Debug|Any CPU
		{51FFCA60-FE05-4186-B714-856515BD165B}.Debug|x64.ActiveCfg = Debug|x64
		{51FFCA60-FE05-4186-B714-856515BD165B}.Debug|x64.Build.0 = Debug|x64
		{51FFCA60-FE05-4186-B714-856515BD165B}.Release|Any CPU.ActiveCfg = Release|Any CPU
		{51FFCA60-FE05-4186-B714-856515BD165B}.Release|Any CPU.Build.0 = Release|Any CPU
		{51FFCA60-FE05-4186-B714-856515BD165B}.Release|x64.ActiveCfg = Release|x64
		{51FFCA60-FE05-4186-B714-856515BD165B}.Release|x64.Build.0 = Release|x64
		{665EF15F-7A22-437B-BBBD-56BD8826DA03}.Debug|Any CPU.ActiveCfg = Debug|Any CPU
		{665EF15F-7A22-437B-BBBD-56BD8826DA03}.Debug|Any CPU.Build.0 = Debug|Any CPU
		{665EF15F-7A22-437B-BBBD-56BD8826DA03}.Debug|x64.ActiveCfg = Debug|x64
		{665EF15F-7A22-437B-BBBD-56BD8826DA03}.Debug|x64.Build.0 = Debug|x64
		{665EF15F-7A22-437B-BBBD-56BD8826DA03}.Release|Any CPU.ActiveCfg = Release|Any CPU
		{665EF15F-7A22-437B-BBBD-56BD8826DA03}.Release|Any CPU.Build.0 = Release|Any CPU
		{665EF15F-7A22-437B-BBBD-56BD8826DA03}.Release|x64.ActiveCfg = Release|x64
		{665EF15F-7A22-437B-BBBD-56BD8826DA03}.Release|x64.Build.0 = Release|x64
		{9631DCD1-0C3F-4F29-8E3C-023403966C4D}.Debug|Any CPU.ActiveCfg = Debug|Any CPU
		{9631DCD1-0C3F-4F29-8E3C-023403966C4D}.Debug|Any CPU.Build.0 = Debug|Any CPU
		{9631DCD1-0C3F-4F29-8E3C-023403966C4D}.Debug|x64.ActiveCfg = Debug|x64
		{9631DCD1-0C3F-4F29-8E3C-023403966C4D}.Debug|x64.Build.0 = Debug|x64
		{9631DCD1-0C3F-4F29-8E3C-023403966C4D}.Release|Any CPU.ActiveCfg = Release|Any CPU
		{9631DCD1-0C3F-4F29-8E3C-023403966C4D}.Release|Any CPU.Build.0 = Release|Any CPU
		{9631DCD1-0C3F-4F29-8E3C-023403966C4D}.Release|x64.ActiveCfg = Release|x64
		{9631DCD1-0C3F-4F29-8E3C-023403966C4D}.Release|x64.Build.0 = Release|x64
		{52FE66CD-BAC0-4047-BDD1-8F9A580888F2}.Debug|Any CPU.ActiveCfg = Debug|Any CPU
		{52FE66CD-BAC0-4047-BDD1-8F9A580888F2}.Debug|Any CPU.Build.0 = Debug|Any CPU
		{52FE66CD-BAC0-4047-BDD1-8F9A580888F2}.Debug|x64.ActiveCfg = Debug|x64
		{52FE66CD-BAC0-4047-BDD1-8F9A580888F2}.Debug|x64.Build.0 = Debug|x64
		{52FE66CD-BAC0-4047-BDD1-8F9A580888F2}.Release|Any CPU.ActiveCfg = Release|Any CPU
		{52FE66CD-BAC0-4047-BDD1-8F9A580888F2}.Release|Any CPU.Build.0 = Release|Any CPU
		{52FE66CD-BAC0-4047-BDD1-8F9A580888F2}.Release|x64.ActiveCfg = Release|x64
		{52FE66CD-BAC0-4047-BDD1-8F9A580888F2}.Release|x64.Build.0 = Release|x64
		{F1F88218-0845-43EB-BA1B-6D600F54F405}.Debug|Any CPU.ActiveCfg = Debug|Any CPU
		{F1F88218-0845-43EB-BA1B-6D600F54F405}.Debug|Any CPU.Build.0 = Debug|Any CPU
		{F1F88218-0845-43EB-BA1B-6D600F54F405}.Debug|x64.ActiveCfg = Debug|Any CPU
		{F1F88218-0845-43EB-BA1B-6D600F54F405}.Release|Any CPU.ActiveCfg = Release|Any CPU
		{F1F88218-0845-43EB-BA1B-6D600F54F405}.Release|Any CPU.Build.0 = Release|Any CPU
		{F1F88218-0845-43EB-BA1B-6D600F54F405}.Release|x64.ActiveCfg = Release|Any CPU
		{73A82925-9C46-4B74-82FE-AFF374907CC1}.Debug|Any CPU.ActiveCfg = Debug|Any CPU
		{73A82925-9C46-4B74-82FE-AFF374907CC1}.Debug|Any CPU.Build.0 = Debug|Any CPU
		{73A82925-9C46-4B74-82FE-AFF374907CC1}.Debug|x64.ActiveCfg = Debug|Any CPU
		{73A82925-9C46-4B74-82FE-AFF374907CC1}.Release|Any CPU.ActiveCfg = Release|Any CPU
		{73A82925-9C46-4B74-82FE-AFF374907CC1}.Release|Any CPU.Build.0 = Release|Any CPU
		{73A82925-9C46-4B74-82FE-AFF374907CC1}.Release|x64.ActiveCfg = Release|Any CPU
		{44E66AC6-2840-4C94-A7C4-81B07C1F12CC}.Debug|Any CPU.ActiveCfg = Debug|Any CPU
		{44E66AC6-2840-4C94-A7C4-81B07C1F12CC}.Debug|Any CPU.Build.0 = Debug|Any CPU
		{44E66AC6-2840-4C94-A7C4-81B07C1F12CC}.Debug|x64.ActiveCfg = Debug|Any CPU
		{44E66AC6-2840-4C94-A7C4-81B07C1F12CC}.Release|Any CPU.ActiveCfg = Release|Any CPU
		{44E66AC6-2840-4C94-A7C4-81B07C1F12CC}.Release|Any CPU.Build.0 = Release|Any CPU
		{44E66AC6-2840-4C94-A7C4-81B07C1F12CC}.Release|x64.ActiveCfg = Release|Any CPU
		{D4566D07-CE6C-49DB-A991-1B5826E7E8BA}.Debug|Any CPU.ActiveCfg = Debug|Any CPU
		{D4566D07-CE6C-49DB-A991-1B5826E7E8BA}.Debug|Any CPU.Build.0 = Debug|Any CPU
		{D4566D07-CE6C-49DB-A991-1B5826E7E8BA}.Debug|x64.ActiveCfg = Debug|Any CPU
		{D4566D07-CE6C-49DB-A991-1B5826E7E8BA}.Release|Any CPU.ActiveCfg = Release|Any CPU
		{D4566D07-CE6C-49DB-A991-1B5826E7E8BA}.Release|Any CPU.Build.0 = Release|Any CPU
		{D4566D07-CE6C-49DB-A991-1B5826E7E8BA}.Release|x64.ActiveCfg = Release|Any CPU
	EndGlobalSection
	GlobalSection(SolutionProperties) = preSolution
		HideSolutionNode = FALSE
	EndGlobalSection
EndGlobal
